
Microsoft Visual Studio Solution File, Format Version 12.00
# Visual Studio Version 17
VisualStudioVersion = 17.8.34330.188
MinimumVisualStudioVersion = 10.0.40219.1
Project("{FAE04EC0-301F-11D3-BF4B-00C04F79EFBC}") = "CarRental", "CarRental\CarRental.csproj", "{6CFF2E06-DCCD-4FDC-9DC5-1B757BD9A851}"
EndProject
Project("{2150E333-8FDC-42A3-9474-1A3956D46DE8}") = "1. Web", "1. Web", "{BCF5B3BB-E3CF-44A2-8A4E-D85DC9772D9F}"
EndProject
Project("{2150E333-8FDC-42A3-9474-1A3956D46DE8}") = "2. Service", "2. Service", "{C0A93B73-2C68-42AF-AF9F-41C9DA28D289}"
EndProject
Project("{2150E333-8FDC-42A3-9474-1A3956D46DE8}") = "3. Repository", "3. Repository", "{AB50C0CF-AD8D-400B-8FCD-D48B23BF0FCF}"
EndProject
Project("{2150E333-8FDC-42A3-9474-1A3956D46DE8}") = "4. Core", "4. Core", "{ADA47042-3E42-421F-B32C-9AC21E0A4B79}"
EndProject
Project("{FAE04EC0-301F-11D3-BF4B-00C04F79EFBC}") = "CarRental.Contract.Repository", "CarRental.Contract.Repository\CarRental.Contract.Repository.csproj", "{B507B232-528C-46A8-9A88-DA96BECA6E52}"
EndProject
Project("{FAE04EC0-301F-11D3-BF4B-00C04F79EFBC}") = "CarRental.Repository", "CarRental.Repository\CarRental.Repository.csproj", "{7028998C-CB8B-4CE2-9133-60C995980445}"
EndProject
Project("{FAE04EC0-301F-11D3-BF4B-00C04F79EFBC}") = "CarRental.Core", "CarRental.Core\CarRental.Core.csproj", "{9BC3BC3B-6486-4539-9C7E-F67A7AA73542}"
EndProject
Project("{FAE04EC0-301F-11D3-BF4B-00C04F79EFBC}") = "CarRental.Mapper", "CarRental.Mapper\CarRental.Mapper.csproj", "{E15ECC9D-F576-4ACB-A955-C199A63249FC}"
EndProject
Project("{FAE04EC0-301F-11D3-BF4B-00C04F79EFBC}") = "CarRental.Contract.Service", "CarRental.Contract.Service\CarRental.Contract.Service.csproj", "{4BDFFD3F-67F6-4371-9527-075E2D156FDF}"
EndProject
Project("{FAE04EC0-301F-11D3-BF4B-00C04F79EFBC}") = "CarRental.Service", "CarRental.Service\CarRental.Service.csproj", "{0F3C61CB-8DB5-41E0-8CCB-BD0A2D194640}"
EndProject
Global
	GlobalSection(SolutionConfigurationPlatforms) = preSolution
		Debug|Any CPU = Debug|Any CPU
		Release|Any CPU = Release|Any CPU
	EndGlobalSection
	GlobalSection(ProjectConfigurationPlatforms) = postSolution
		{6CFF2E06-DCCD-4FDC-9DC5-1B757BD9A851}.Debug|Any CPU.ActiveCfg = Debug|Any CPU
		{6CFF2E06-DCCD-4FDC-9DC5-1B757BD9A851}.Debug|Any CPU.Build.0 = Debug|Any CPU
		{6CFF2E06-DCCD-4FDC-9DC5-1B757BD9A851}.Release|Any CPU.ActiveCfg = Release|Any CPU
		{6CFF2E06-DCCD-4FDC-9DC5-1B757BD9A851}.Release|Any CPU.Build.0 = Release|Any CPU
		{B507B232-528C-46A8-9A88-DA96BECA6E52}.Debug|Any CPU.ActiveCfg = Debug|Any CPU
		{B507B232-528C-46A8-9A88-DA96BECA6E52}.Debug|Any CPU.Build.0 = Debug|Any CPU
		{B507B232-528C-46A8-9A88-DA96BECA6E52}.Release|Any CPU.ActiveCfg = Release|Any CPU
		{B507B232-528C-46A8-9A88-DA96BECA6E52}.Release|Any CPU.Build.0 = Release|Any CPU
		{7028998C-CB8B-4CE2-9133-60C995980445}.Debug|Any CPU.ActiveCfg = Debug|Any CPU
		{7028998C-CB8B-4CE2-9133-60C995980445}.Debug|Any CPU.Build.0 = Debug|Any CPU
		{7028998C-CB8B-4CE2-9133-60C995980445}.Release|Any CPU.ActiveCfg = Release|Any CPU
		{7028998C-CB8B-4CE2-9133-60C995980445}.Release|Any CPU.Build.0 = Release|Any CPU
		{9BC3BC3B-6486-4539-9C7E-F67A7AA73542}.Debug|Any CPU.ActiveCfg = Debug|Any CPU
		{9BC3BC3B-6486-4539-9C7E-F67A7AA73542}.Debug|Any CPU.Build.0 = Debug|Any CPU
		{9BC3BC3B-6486-4539-9C7E-F67A7AA73542}.Release|Any CPU.ActiveCfg = Release|Any CPU
		{9BC3BC3B-6486-4539-9C7E-F67A7AA73542}.Release|Any CPU.Build.0 = Release|Any CPU
		{E15ECC9D-F576-4ACB-A955-C199A63249FC}.Debug|Any CPU.ActiveCfg = Debug|Any CPU
		{E15ECC9D-F576-4ACB-A955-C199A63249FC}.Debug|Any CPU.Build.0 = Debug|Any CPU
		{E15ECC9D-F576-4ACB-A955-C199A63249FC}.Release|Any CPU.ActiveCfg = Release|Any CPU
		{E15ECC9D-F576-4ACB-A955-C199A63249FC}.Release|Any CPU.Build.0 = Release|Any CPU
		{4BDFFD3F-67F6-4371-9527-075E2D156FDF}.Debug|Any CPU.ActiveCfg = Debug|Any CPU
		{4BDFFD3F-67F6-4371-9527-075E2D156FDF}.Debug|Any CPU.Build.0 = Debug|Any CPU
		{4BDFFD3F-67F6-4371-9527-075E2D156FDF}.Release|Any CPU.ActiveCfg = Release|Any CPU
		{4BDFFD3F-67F6-4371-9527-075E2D156FDF}.Release|Any CPU.Build.0 = Release|Any CPU
		{0F3C61CB-8DB5-41E0-8CCB-BD0A2D194640}.Debug|Any CPU.ActiveCfg = Debug|Any CPU
		{0F3C61CB-8DB5-41E0-8CCB-BD0A2D194640}.Debug|Any CPU.Build.0 = Debug|Any CPU
		{0F3C61CB-8DB5-41E0-8CCB-BD0A2D194640}.Release|Any CPU.ActiveCfg = Release|Any CPU
		{0F3C61CB-8DB5-41E0-8CCB-BD0A2D194640}.Release|Any CPU.Build.0 = Release|Any CPU
	EndGlobalSection
	GlobalSection(SolutionProperties) = preSolution
		HideSolutionNode = FALSE
	EndGlobalSection
	GlobalSection(NestedProjects) = preSolution
		{6CFF2E06-DCCD-4FDC-9DC5-1B757BD9A851} = {BCF5B3BB-E3CF-44A2-8A4E-D85DC9772D9F}
		{B507B232-528C-46A8-9A88-DA96BECA6E52} = {AB50C0CF-AD8D-400B-8FCD-D48B23BF0FCF}
		{7028998C-CB8B-4CE2-9133-60C995980445} = {AB50C0CF-AD8D-400B-8FCD-D48B23BF0FCF}
		{9BC3BC3B-6486-4539-9C7E-F67A7AA73542} = {ADA47042-3E42-421F-B32C-9AC21E0A4B79}
		{E15ECC9D-F576-4ACB-A955-C199A63249FC} = {ADA47042-3E42-421F-B32C-9AC21E0A4B79}
		{4BDFFD3F-67F6-4371-9527-075E2D156FDF} = {C0A93B73-2C68-42AF-AF9F-41C9DA28D289}
		{0F3C61CB-8DB5-41E0-8CCB-BD0A2D194640} = {C0A93B73-2C68-42AF-AF9F-41C9DA28D289}
	EndGlobalSection
	GlobalSection(ExtensibilityGlobals) = postSolution
		SolutionGuid = {EDC32606-4283-4A22-A539-DB15878C6046}
	EndGlobalSection
EndGlobal
